
Microsoft Visual Studio Solution File, Format Version 12.00
# Visual Studio Version 17
VisualStudioVersion = 17.0.31912.275
MinimumVisualStudioVersion = 10.0.40219.1
Project("{6EC3EE1D-3C4E-46DD-8F32-0CC8E7565705}") = "TwoFer", "TwoFer\TwoFer.fsproj", "{26EC5CB5-3A8F-4C89-BE8A-4AB2E1FA7A32}"
EndProject
Project("{6EC3EE1D-3C4E-46DD-8F32-0CC8E7565705}") = "TisburyTreasureHunt", "TisburyTreasureHunt\TisburyTreasureHunt.fsproj", "{ED2E0F1A-F94E-4007-A674-CEF04481C4D4}"
EndProject
Project("{6EC3EE1D-3C4E-46DD-8F32-0CC8E7565705}") = "GuessingGame", "GuessingGame\GuessingGame.fsproj", "{033B9FB6-133A-46CB-8D5A-2A293691DCDB}"
EndProject
Project("{6EC3EE1D-3C4E-46DD-8F32-0CC8E7565705}") = "CarsAssemble", "CarsAssemble\CarsAssemble.fsproj", "{F5318706-BEF3-4A1C-8646-43D646FE8A80}"
EndProject
Project("{6EC3EE1D-3C4E-46DD-8F32-0CC8E7565705}") = "AnnalynsInfiltration", "AnnalynsInfiltration\AnnalynsInfiltration.fsproj", "{319857DE-679C-4BC2-8CA4-6F3C21E83479}"
EndProject
Project("{6EC3EE1D-3C4E-46DD-8F32-0CC8E7565705}") = "LogLevels", "LogLevels\LogLevels.fsproj", "{523A11DB-A71D-43B5-B21B-F659E8B49FC9}"
EndProject
Project("{6EC3EE1D-3C4E-46DD-8F32-0CC8E7565705}") = "Bandwagoner", "Bandwagoner\Bandwagoner.fsproj", "{38AD0769-C095-4526-9A84-F47EE61449CA}"
EndProject
Project("{6EC3EE1D-3C4E-46DD-8F32-0CC8E7565705}") = "TracksOnTracksOnTracks", "TracksOnTracksOnTracks\TracksOnTracksOnTracks.fsproj", "{2E6D5723-2926-44B6-8173-DC38D918DEBD}"
EndProject
Project("{6EC3EE1D-3C4E-46DD-8F32-0CC8E7565705}") = "ValentinesDay", "ValentinesDay\ValentinesDay.fsproj", "{B56E74FF-6E12-4C0E-BFD8-7AD5D0146878}"
EndProject
Project("{F2A71F9B-5D33-465A-A702-920D77279786}") = "BookingUpForBeauty", "BookingUpForBeauty\BookingUpForBeauty.fsproj", "{0D3753B1-3728-407F-B378-3C65FB29CE35}"
EndProject
Project("{F2A71F9B-5D33-465A-A702-920D77279786}") = "Gigasecond", "Gigasecond\Gigasecond.fsproj", "{4D541019-C9BC-413A-BD38-C2C920AB0B3A}"
EndProject
Project("{F2A71F9B-5D33-465A-A702-920D77279786}") = "Meetup", "Meetup\Meetup.fsproj", "{7CBC223E-18A7-4FDB-ACDF-9E794B9C364D}"
EndProject
Global
	GlobalSection(SolutionConfigurationPlatforms) = preSolution
		Debug|Any CPU = Debug|Any CPU
		Release|Any CPU = Release|Any CPU
	EndGlobalSection
	GlobalSection(ProjectConfigurationPlatforms) = postSolution
		{26EC5CB5-3A8F-4C89-BE8A-4AB2E1FA7A32}.Debug|Any CPU.ActiveCfg = Debug|Any CPU
		{26EC5CB5-3A8F-4C89-BE8A-4AB2E1FA7A32}.Debug|Any CPU.Build.0 = Debug|Any CPU
		{26EC5CB5-3A8F-4C89-BE8A-4AB2E1FA7A32}.Release|Any CPU.ActiveCfg = Release|Any CPU
		{26EC5CB5-3A8F-4C89-BE8A-4AB2E1FA7A32}.Release|Any CPU.Build.0 = Release|Any CPU
		{ED2E0F1A-F94E-4007-A674-CEF04481C4D4}.Debug|Any CPU.ActiveCfg = Debug|Any CPU
		{ED2E0F1A-F94E-4007-A674-CEF04481C4D4}.Debug|Any CPU.Build.0 = Debug|Any CPU
		{ED2E0F1A-F94E-4007-A674-CEF04481C4D4}.Release|Any CPU.ActiveCfg = Release|Any CPU
		{ED2E0F1A-F94E-4007-A674-CEF04481C4D4}.Release|Any CPU.Build.0 = Release|Any CPU
		{033B9FB6-133A-46CB-8D5A-2A293691DCDB}.Debug|Any CPU.ActiveCfg = Debug|Any CPU
		{033B9FB6-133A-46CB-8D5A-2A293691DCDB}.Debug|Any CPU.Build.0 = Debug|Any CPU
		{033B9FB6-133A-46CB-8D5A-2A293691DCDB}.Release|Any CPU.ActiveCfg = Release|Any CPU
		{033B9FB6-133A-46CB-8D5A-2A293691DCDB}.Release|Any CPU.Build.0 = Release|Any CPU
		{F5318706-BEF3-4A1C-8646-43D646FE8A80}.Debug|Any CPU.ActiveCfg = Debug|Any CPU
		{F5318706-BEF3-4A1C-8646-43D646FE8A80}.Debug|Any CPU.Build.0 = Debug|Any CPU
		{F5318706-BEF3-4A1C-8646-43D646FE8A80}.Release|Any CPU.ActiveCfg = Release|Any CPU
		{F5318706-BEF3-4A1C-8646-43D646FE8A80}.Release|Any CPU.Build.0 = Release|Any CPU
		{319857DE-679C-4BC2-8CA4-6F3C21E83479}.Debug|Any CPU.ActiveCfg = Debug|Any CPU
		{319857DE-679C-4BC2-8CA4-6F3C21E83479}.Debug|Any CPU.Build.0 = Debug|Any CPU
		{319857DE-679C-4BC2-8CA4-6F3C21E83479}.Release|Any CPU.ActiveCfg = Release|Any CPU
		{319857DE-679C-4BC2-8CA4-6F3C21E83479}.Release|Any CPU.Build.0 = Release|Any CPU
		{523A11DB-A71D-43B5-B21B-F659E8B49FC9}.Debug|Any CPU.ActiveCfg = Debug|Any CPU
		{523A11DB-A71D-43B5-B21B-F659E8B49FC9}.Debug|Any CPU.Build.0 = Debug|Any CPU
		{523A11DB-A71D-43B5-B21B-F659E8B49FC9}.Release|Any CPU.ActiveCfg = Release|Any CPU
		{523A11DB-A71D-43B5-B21B-F659E8B49FC9}.Release|Any CPU.Build.0 = Release|Any CPU
		{38AD0769-C095-4526-9A84-F47EE61449CA}.Debug|Any CPU.ActiveCfg = Debug|Any CPU
		{38AD0769-C095-4526-9A84-F47EE61449CA}.Debug|Any CPU.Build.0 = Debug|Any CPU
		{38AD0769-C095-4526-9A84-F47EE61449CA}.Release|Any CPU.ActiveCfg = Release|Any CPU
		{38AD0769-C095-4526-9A84-F47EE61449CA}.Release|Any CPU.Build.0 = Release|Any CPU
		{2E6D5723-2926-44B6-8173-DC38D918DEBD}.Debug|Any CPU.ActiveCfg = Debug|Any CPU
		{2E6D5723-2926-44B6-8173-DC38D918DEBD}.Debug|Any CPU.Build.0 = Debug|Any CPU
		{2E6D5723-2926-44B6-8173-DC38D918DEBD}.Release|Any CPU.ActiveCfg = Release|Any CPU
		{2E6D5723-2926-44B6-8173-DC38D918DEBD}.Release|Any CPU.Build.0 = Release|Any CPU
		{B56E74FF-6E12-4C0E-BFD8-7AD5D0146878}.Debug|Any CPU.ActiveCfg = Debug|Any CPU
		{B56E74FF-6E12-4C0E-BFD8-7AD5D0146878}.Debug|Any CPU.Build.0 = Debug|Any CPU
		{B56E74FF-6E12-4C0E-BFD8-7AD5D0146878}.Release|Any CPU.ActiveCfg = Release|Any CPU
		{B56E74FF-6E12-4C0E-BFD8-7AD5D0146878}.Release|Any CPU.Build.0 = Release|Any CPU
		{0D3753B1-3728-407F-B378-3C65FB29CE35}.Debug|Any CPU.ActiveCfg = Debug|Any CPU
		{0D3753B1-3728-407F-B378-3C65FB29CE35}.Debug|Any CPU.Build.0 = Debug|Any CPU
		{0D3753B1-3728-407F-B378-3C65FB29CE35}.Release|Any CPU.ActiveCfg = Release|Any CPU
		{0D3753B1-3728-407F-B378-3C65FB29CE35}.Release|Any CPU.Build.0 = Release|Any CPU
		{4D541019-C9BC-413A-BD38-C2C920AB0B3A}.Debug|Any CPU.ActiveCfg = Debug|Any CPU
		{4D541019-C9BC-413A-BD38-C2C920AB0B3A}.Debug|Any CPU.Build.0 = Debug|Any CPU
		{4D541019-C9BC-413A-BD38-C2C920AB0B3A}.Release|Any CPU.ActiveCfg = Release|Any CPU
		{4D541019-C9BC-413A-BD38-C2C920AB0B3A}.Release|Any CPU.Build.0 = Release|Any CPU
		{7CBC223E-18A7-4FDB-ACDF-9E794B9C364D}.Debug|Any CPU.ActiveCfg = Debug|Any CPU
		{7CBC223E-18A7-4FDB-ACDF-9E794B9C364D}.Debug|Any CPU.Build.0 = Debug|Any CPU
		{7CBC223E-18A7-4FDB-ACDF-9E794B9C364D}.Release|Any CPU.ActiveCfg = Release|Any CPU
		{7CBC223E-18A7-4FDB-ACDF-9E794B9C364D}.Release|Any CPU.Build.0 = Release|Any CPU
	EndGlobalSection
	GlobalSection(SolutionProperties) = preSolution
		HideSolutionNode = FALSE
	EndGlobalSection
	GlobalSection(ExtensibilityGlobals) = postSolution
		SolutionGuid = {481096FC-94E0-435C-B606-3D2A8C0B7909}
	EndGlobalSection
EndGlobal
