
Microsoft Visual Studio Solution File, Format Version 12.00
# Visual Studio Version 17
VisualStudioVersion = 17.0.31912.275
MinimumVisualStudioVersion = 10.0.40219.1
Project("{F2A71F9B-5D33-465A-A702-920D77279786}") = "Exercism", "Exercism\Exercism.fsproj", "{C56F73F4-3839-4DBC-B0B0-E6BB7A9900CD}"
EndProject
Global
	GlobalSection(SolutionConfigurationPlatforms) = preSolution
		Debug|Any CPU = Debug|Any CPU
		Release|Any CPU = Release|Any CPU
	EndGlobalSection
	GlobalSection(ProjectConfigurationPlatforms) = postSolution
		{C56F73F4-3839-4DBC-B0B0-E6BB7A9900CD}.Debug|Any CPU.ActiveCfg = Debug|Any CPU
		{C56F73F4-3839-4DBC-B0B0-E6BB7A9900CD}.Debug|Any CPU.Build.0 = Debug|Any CPU
		{C56F73F4-3839-4DBC-B0B0-E6BB7A9900CD}.Release|Any CPU.ActiveCfg = Release|Any CPU
		{C56F73F4-3839-4DBC-B0B0-E6BB7A9900CD}.Release|Any CPU.Build.0 = Release|Any CPU
	EndGlobalSection
	GlobalSection(SolutionProperties) = preSolution
		HideSolutionNode = FALSE
	EndGlobalSection
	GlobalSection(ExtensibilityGlobals) = postSolution
		SolutionGuid = {481096FC-94E0-435C-B606-3D2A8C0B7909}
	EndGlobalSection
EndGlobal
