
Microsoft Visual Studio Solution File, Format Version 12.00
# Visual Studio Version 17
VisualStudioVersion = 17.0.31912.275
MinimumVisualStudioVersion = 10.0.40219.1
Project("{6EC3EE1D-3C4E-46DD-8F32-0CC8E7565705}") = "TwoFer", "TwoFer\TwoFer.fsproj", "{26EC5CB5-3A8F-4C89-BE8A-4AB2E1FA7A32}"
EndProject
Project("{6EC3EE1D-3C4E-46DD-8F32-0CC8E7565705}") = "TisburyTreasureHunt", "TisburyTreasureHunt\TisburyTreasureHunt.fsproj", "{ED2E0F1A-F94E-4007-A674-CEF04481C4D4}"
EndProject
Project("{6EC3EE1D-3C4E-46DD-8F32-0CC8E7565705}") = "GuessingGame", "GuessingGame\GuessingGame.fsproj", "{033B9FB6-133A-46CB-8D5A-2A293691DCDB}"
EndProject
Project("{6EC3EE1D-3C4E-46DD-8F32-0CC8E7565705}") = "CarsAssemble", "CarsAssemble\CarsAssemble.fsproj", "{F5318706-BEF3-4A1C-8646-43D646FE8A80}"
EndProject
Project("{6EC3EE1D-3C4E-46DD-8F32-0CC8E7565705}") = "AnnalynsInfiltration", "AnnalynsInfiltration\AnnalynsInfiltration.fsproj", "{319857DE-679C-4BC2-8CA4-6F3C21E83479}"
EndProject
Project("{6EC3EE1D-3C4E-46DD-8F32-0CC8E7565705}") = "LogLevels", "LogLevels\LogLevels.fsproj", "{523A11DB-A71D-43B5-B21B-F659E8B49FC9}"
EndProject
Project("{6EC3EE1D-3C4E-46DD-8F32-0CC8E7565705}") = "Bandwagoner", "Bandwagoner\Bandwagoner.fsproj", "{38AD0769-C095-4526-9A84-F47EE61449CA}"
EndProject
Project("{6EC3EE1D-3C4E-46DD-8F32-0CC8E7565705}") = "TracksOnTracksOnTracks", "TracksOnTracksOnTracks\TracksOnTracksOnTracks.fsproj", "{2E6D5723-2926-44B6-8173-DC38D918DEBD}"
EndProject
Project("{6EC3EE1D-3C4E-46DD-8F32-0CC8E7565705}") = "ValentinesDay", "ValentinesDay\ValentinesDay.fsproj", "{B56E74FF-6E12-4C0E-BFD8-7AD5D0146878}"
EndProject
Project("{6EC3EE1D-3C4E-46DD-8F32-0CC8E7565705}") = "BookingUpForBeauty", "BookingUpForBeauty\BookingUpForBeauty.fsproj", "{0D3753B1-3728-407F-B378-3C65FB29CE35}"
EndProject
Project("{6EC3EE1D-3C4E-46DD-8F32-0CC8E7565705}") = "Gigasecond", "Gigasecond\Gigasecond.fsproj", "{4D541019-C9BC-413A-BD38-C2C920AB0B3A}"
EndProject
Project("{6EC3EE1D-3C4E-46DD-8F32-0CC8E7565705}") = "Meetup", "Meetup\Meetup.fsproj", "{7CBC223E-18A7-4FDB-ACDF-9E794B9C364D}"
EndProject
Project("{6EC3EE1D-3C4E-46DD-8F32-0CC8E7565705}") = "BirdWatcher", "BirdWatcher\BirdWatcher.fsproj", "{3EEFBB2E-E5C6-49AB-A167-7CFCAFE77A52}"
EndProject
Project("{6EC3EE1D-3C4E-46DD-8F32-0CC8E7565705}") = "Strain", "Strain\Strain.fsproj", "{8A7B19A0-6430-41AE-B701-FFE559E3620C}"
EndProject
Project("{6EC3EE1D-3C4E-46DD-8F32-0CC8E7565705}") = "BinarySearch", "BinarySearch\BinarySearch.fsproj", "{114C46DF-867E-402E-8010-B2F8735A44A4}"
EndProject
Project("{6EC3EE1D-3C4E-46DD-8F32-0CC8E7565705}") = "PizzaPricing", "PizzaPricing\PizzaPricing.fsproj", "{0957FBDA-91C4-454F-86F7-047299F1339C}"
EndProject
Project("{6EC3EE1D-3C4E-46DD-8F32-0CC8E7565705}") = "InterestIsInteresting", "InterestIsInteresting\InterestIsInteresting.fsproj", "{3D53D476-E62E-48ED-8D83-B057E529EB32}"
EndProject
Project("{6EC3EE1D-3C4E-46DD-8F32-0CC8E7565705}") = "Accumulate", "Accumulate\Accumulate.fsproj", "{9E934290-9FD6-49B0-8732-D21A0FE163B1}"
EndProject
Project("{6EC3EE1D-3C4E-46DD-8F32-0CC8E7565705}") = "Bob", "Bob\Bob.fsproj", "{337128E4-8B3B-49B6-A98E-1D58A671FBCB}"
EndProject
Project("{6EC3EE1D-3C4E-46DD-8F32-0CC8E7565705}") = "RobotSimulator", "RobotSimulator\RobotSimulator.fsproj", "{E6FF5587-C64A-4B7D-AC4B-B0709139D16D}"
EndProject
Project("{6EC3EE1D-3C4E-46DD-8F32-0CC8E7565705}") = "Pangram", "Pangram\Pangram.fsproj", "{323D7B1B-B7FC-4C31-9D34-81A700909663}"
EndProject
Project("{6EC3EE1D-3C4E-46DD-8F32-0CC8E7565705}") = "Isogram", "Isogram\Isogram.fsproj", "{55E72555-3347-4F74-97E7-A4EF0DE8CA3F}"
EndProject
Project("{6EC3EE1D-3C4E-46DD-8F32-0CC8E7565705}") = "ReverseString", "ReverseString\ReverseString.fsproj", "{50A37753-FDDC-4DCF-8444-D4EC75CD76EE}"
EndProject
Project("{6EC3EE1D-3C4E-46DD-8F32-0CC8E7565705}") = "CollatzConjecture", "CollatzConjecture\CollatzConjecture.fsproj", "{92B2AF69-91AF-461A-B695-73FE3759631C}"
EndProject
Project("{6EC3EE1D-3C4E-46DD-8F32-0CC8E7565705}") = "SpaceAge", "SpaceAge\SpaceAge.fsproj", "{80633C44-934B-46BC-A83D-568964251793}"
EndProject
Project("{6EC3EE1D-3C4E-46DD-8F32-0CC8E7565705}") = "Darts", "Darts\Darts.fsproj", "{AFF252CC-6D0C-4E99-952E-E7EF8473AE56}"
EndProject
Project("{6EC3EE1D-3C4E-46DD-8F32-0CC8E7565705}") = "Triangle", "Triangle\Triangle.fsproj", "{3B300160-0591-4DA9-93FD-CBA35BC765B0}"
EndProject
Project("{6EC3EE1D-3C4E-46DD-8F32-0CC8E7565705}") = "Leap", "Leap\Leap.fsproj", "{999D58DF-8528-47DC-BB44-65A4CA67B6B9}"
EndProject
Project("{6EC3EE1D-3C4E-46DD-8F32-0CC8E7565705}") = "Clock", "Clock\Clock.fsproj", "{A1A42930-7602-48BD-B52E-A8EDC64FCE11}"
EndProject
Project("{6EC3EE1D-3C4E-46DD-8F32-0CC8E7565705}") = "PerfectNumbers", "PerfectNumbers\PerfectNumbers.fsproj", "{3BB2DF94-9155-4D3A-9F53-B8D4BACFEE65}"
EndProject
Project("{6EC3EE1D-3C4E-46DD-8F32-0CC8E7565705}") = "DifferenceOfSquares", "DifferenceOfSquares\DifferenceOfSquares.fsproj", "{F4B53672-D3BC-4330-9413-D66542EF17A5}"
EndProject
Project("{6EC3EE1D-3C4E-46DD-8F32-0CC8E7565705}") = "RomanNumerals", "RomanNumerals\RomanNumerals.fsproj", "{48AB378B-F481-4D35-9253-DAED04B7F8F6}"
EndProject
Project("{6EC3EE1D-3C4E-46DD-8F32-0CC8E7565705}") = "SpiralMatrix", "SpiralMatrix\SpiralMatrix.fsproj", "{684E0017-BB88-4483-ADF9-9896665CC4A2}"
EndProject
Project("{6EC3EE1D-3C4E-46DD-8F32-0CC8E7565705}") = "BankAccount", "BankAccount\BankAccount.fsproj", "{E4F24CA3-4F9A-4D38-919C-6415F00245CA}"
EndProject
Project("{F2A71F9B-5D33-465A-A702-920D77279786}") = "KindergartenGarden", "KindergartenGarden\KindergartenGarden.fsproj", "{D853E28A-6754-4E89-BBF8-D1CD6DBABF1D}"
EndProject
Project("{F2A71F9B-5D33-465A-A702-920D77279786}") = "Allergies", "Allergies\Allergies.fsproj", "{0B934D0E-D905-439B-9688-22AB820652F9}"
EndProject
Global
	GlobalSection(SolutionConfigurationPlatforms) = preSolution
		Debug|Any CPU = Debug|Any CPU
		Release|Any CPU = Release|Any CPU
	EndGlobalSection
	GlobalSection(ProjectConfigurationPlatforms) = postSolution
		{26EC5CB5-3A8F-4C89-BE8A-4AB2E1FA7A32}.Debug|Any CPU.ActiveCfg = Debug|Any CPU
		{26EC5CB5-3A8F-4C89-BE8A-4AB2E1FA7A32}.Debug|Any CPU.Build.0 = Debug|Any CPU
		{26EC5CB5-3A8F-4C89-BE8A-4AB2E1FA7A32}.Release|Any CPU.ActiveCfg = Release|Any CPU
		{26EC5CB5-3A8F-4C89-BE8A-4AB2E1FA7A32}.Release|Any CPU.Build.0 = Release|Any CPU
		{ED2E0F1A-F94E-4007-A674-CEF04481C4D4}.Debug|Any CPU.ActiveCfg = Debug|Any CPU
		{ED2E0F1A-F94E-4007-A674-CEF04481C4D4}.Debug|Any CPU.Build.0 = Debug|Any CPU
		{ED2E0F1A-F94E-4007-A674-CEF04481C4D4}.Release|Any CPU.ActiveCfg = Release|Any CPU
		{ED2E0F1A-F94E-4007-A674-CEF04481C4D4}.Release|Any CPU.Build.0 = Release|Any CPU
		{033B9FB6-133A-46CB-8D5A-2A293691DCDB}.Debug|Any CPU.ActiveCfg = Debug|Any CPU
		{033B9FB6-133A-46CB-8D5A-2A293691DCDB}.Debug|Any CPU.Build.0 = Debug|Any CPU
		{033B9FB6-133A-46CB-8D5A-2A293691DCDB}.Release|Any CPU.ActiveCfg = Release|Any CPU
		{033B9FB6-133A-46CB-8D5A-2A293691DCDB}.Release|Any CPU.Build.0 = Release|Any CPU
		{F5318706-BEF3-4A1C-8646-43D646FE8A80}.Debug|Any CPU.ActiveCfg = Debug|Any CPU
		{F5318706-BEF3-4A1C-8646-43D646FE8A80}.Debug|Any CPU.Build.0 = Debug|Any CPU
		{F5318706-BEF3-4A1C-8646-43D646FE8A80}.Release|Any CPU.ActiveCfg = Release|Any CPU
		{F5318706-BEF3-4A1C-8646-43D646FE8A80}.Release|Any CPU.Build.0 = Release|Any CPU
		{319857DE-679C-4BC2-8CA4-6F3C21E83479}.Debug|Any CPU.ActiveCfg = Debug|Any CPU
		{319857DE-679C-4BC2-8CA4-6F3C21E83479}.Debug|Any CPU.Build.0 = Debug|Any CPU
		{319857DE-679C-4BC2-8CA4-6F3C21E83479}.Release|Any CPU.ActiveCfg = Release|Any CPU
		{319857DE-679C-4BC2-8CA4-6F3C21E83479}.Release|Any CPU.Build.0 = Release|Any CPU
		{523A11DB-A71D-43B5-B21B-F659E8B49FC9}.Debug|Any CPU.ActiveCfg = Debug|Any CPU
		{523A11DB-A71D-43B5-B21B-F659E8B49FC9}.Debug|Any CPU.Build.0 = Debug|Any CPU
		{523A11DB-A71D-43B5-B21B-F659E8B49FC9}.Release|Any CPU.ActiveCfg = Release|Any CPU
		{523A11DB-A71D-43B5-B21B-F659E8B49FC9}.Release|Any CPU.Build.0 = Release|Any CPU
		{38AD0769-C095-4526-9A84-F47EE61449CA}.Debug|Any CPU.ActiveCfg = Debug|Any CPU
		{38AD0769-C095-4526-9A84-F47EE61449CA}.Debug|Any CPU.Build.0 = Debug|Any CPU
		{38AD0769-C095-4526-9A84-F47EE61449CA}.Release|Any CPU.ActiveCfg = Release|Any CPU
		{38AD0769-C095-4526-9A84-F47EE61449CA}.Release|Any CPU.Build.0 = Release|Any CPU
		{2E6D5723-2926-44B6-8173-DC38D918DEBD}.Debug|Any CPU.ActiveCfg = Debug|Any CPU
		{2E6D5723-2926-44B6-8173-DC38D918DEBD}.Debug|Any CPU.Build.0 = Debug|Any CPU
		{2E6D5723-2926-44B6-8173-DC38D918DEBD}.Release|Any CPU.ActiveCfg = Release|Any CPU
		{2E6D5723-2926-44B6-8173-DC38D918DEBD}.Release|Any CPU.Build.0 = Release|Any CPU
		{B56E74FF-6E12-4C0E-BFD8-7AD5D0146878}.Debug|Any CPU.ActiveCfg = Debug|Any CPU
		{B56E74FF-6E12-4C0E-BFD8-7AD5D0146878}.Debug|Any CPU.Build.0 = Debug|Any CPU
		{B56E74FF-6E12-4C0E-BFD8-7AD5D0146878}.Release|Any CPU.ActiveCfg = Release|Any CPU
		{B56E74FF-6E12-4C0E-BFD8-7AD5D0146878}.Release|Any CPU.Build.0 = Release|Any CPU
		{0D3753B1-3728-407F-B378-3C65FB29CE35}.Debug|Any CPU.ActiveCfg = Debug|Any CPU
		{0D3753B1-3728-407F-B378-3C65FB29CE35}.Debug|Any CPU.Build.0 = Debug|Any CPU
		{0D3753B1-3728-407F-B378-3C65FB29CE35}.Release|Any CPU.ActiveCfg = Release|Any CPU
		{0D3753B1-3728-407F-B378-3C65FB29CE35}.Release|Any CPU.Build.0 = Release|Any CPU
		{4D541019-C9BC-413A-BD38-C2C920AB0B3A}.Debug|Any CPU.ActiveCfg = Debug|Any CPU
		{4D541019-C9BC-413A-BD38-C2C920AB0B3A}.Debug|Any CPU.Build.0 = Debug|Any CPU
		{4D541019-C9BC-413A-BD38-C2C920AB0B3A}.Release|Any CPU.ActiveCfg = Release|Any CPU
		{4D541019-C9BC-413A-BD38-C2C920AB0B3A}.Release|Any CPU.Build.0 = Release|Any CPU
		{7CBC223E-18A7-4FDB-ACDF-9E794B9C364D}.Debug|Any CPU.ActiveCfg = Debug|Any CPU
		{7CBC223E-18A7-4FDB-ACDF-9E794B9C364D}.Debug|Any CPU.Build.0 = Debug|Any CPU
		{7CBC223E-18A7-4FDB-ACDF-9E794B9C364D}.Release|Any CPU.ActiveCfg = Release|Any CPU
		{7CBC223E-18A7-4FDB-ACDF-9E794B9C364D}.Release|Any CPU.Build.0 = Release|Any CPU
		{3EEFBB2E-E5C6-49AB-A167-7CFCAFE77A52}.Debug|Any CPU.ActiveCfg = Debug|Any CPU
		{3EEFBB2E-E5C6-49AB-A167-7CFCAFE77A52}.Debug|Any CPU.Build.0 = Debug|Any CPU
		{3EEFBB2E-E5C6-49AB-A167-7CFCAFE77A52}.Release|Any CPU.ActiveCfg = Release|Any CPU
		{3EEFBB2E-E5C6-49AB-A167-7CFCAFE77A52}.Release|Any CPU.Build.0 = Release|Any CPU
		{8A7B19A0-6430-41AE-B701-FFE559E3620C}.Debug|Any CPU.ActiveCfg = Debug|Any CPU
		{8A7B19A0-6430-41AE-B701-FFE559E3620C}.Debug|Any CPU.Build.0 = Debug|Any CPU
		{8A7B19A0-6430-41AE-B701-FFE559E3620C}.Release|Any CPU.ActiveCfg = Release|Any CPU
		{8A7B19A0-6430-41AE-B701-FFE559E3620C}.Release|Any CPU.Build.0 = Release|Any CPU
		{114C46DF-867E-402E-8010-B2F8735A44A4}.Debug|Any CPU.ActiveCfg = Debug|Any CPU
		{114C46DF-867E-402E-8010-B2F8735A44A4}.Debug|Any CPU.Build.0 = Debug|Any CPU
		{114C46DF-867E-402E-8010-B2F8735A44A4}.Release|Any CPU.ActiveCfg = Release|Any CPU
		{114C46DF-867E-402E-8010-B2F8735A44A4}.Release|Any CPU.Build.0 = Release|Any CPU
		{0957FBDA-91C4-454F-86F7-047299F1339C}.Debug|Any CPU.ActiveCfg = Debug|Any CPU
		{0957FBDA-91C4-454F-86F7-047299F1339C}.Debug|Any CPU.Build.0 = Debug|Any CPU
		{0957FBDA-91C4-454F-86F7-047299F1339C}.Release|Any CPU.ActiveCfg = Release|Any CPU
		{0957FBDA-91C4-454F-86F7-047299F1339C}.Release|Any CPU.Build.0 = Release|Any CPU
		{3D53D476-E62E-48ED-8D83-B057E529EB32}.Debug|Any CPU.ActiveCfg = Debug|Any CPU
		{3D53D476-E62E-48ED-8D83-B057E529EB32}.Debug|Any CPU.Build.0 = Debug|Any CPU
		{3D53D476-E62E-48ED-8D83-B057E529EB32}.Release|Any CPU.ActiveCfg = Release|Any CPU
		{3D53D476-E62E-48ED-8D83-B057E529EB32}.Release|Any CPU.Build.0 = Release|Any CPU
		{9E934290-9FD6-49B0-8732-D21A0FE163B1}.Debug|Any CPU.ActiveCfg = Debug|Any CPU
		{9E934290-9FD6-49B0-8732-D21A0FE163B1}.Debug|Any CPU.Build.0 = Debug|Any CPU
		{9E934290-9FD6-49B0-8732-D21A0FE163B1}.Release|Any CPU.ActiveCfg = Release|Any CPU
		{9E934290-9FD6-49B0-8732-D21A0FE163B1}.Release|Any CPU.Build.0 = Release|Any CPU
		{337128E4-8B3B-49B6-A98E-1D58A671FBCB}.Debug|Any CPU.ActiveCfg = Debug|Any CPU
		{337128E4-8B3B-49B6-A98E-1D58A671FBCB}.Debug|Any CPU.Build.0 = Debug|Any CPU
		{337128E4-8B3B-49B6-A98E-1D58A671FBCB}.Release|Any CPU.ActiveCfg = Release|Any CPU
		{337128E4-8B3B-49B6-A98E-1D58A671FBCB}.Release|Any CPU.Build.0 = Release|Any CPU
		{E6FF5587-C64A-4B7D-AC4B-B0709139D16D}.Debug|Any CPU.ActiveCfg = Debug|Any CPU
		{E6FF5587-C64A-4B7D-AC4B-B0709139D16D}.Debug|Any CPU.Build.0 = Debug|Any CPU
		{E6FF5587-C64A-4B7D-AC4B-B0709139D16D}.Release|Any CPU.ActiveCfg = Release|Any CPU
		{E6FF5587-C64A-4B7D-AC4B-B0709139D16D}.Release|Any CPU.Build.0 = Release|Any CPU
		{323D7B1B-B7FC-4C31-9D34-81A700909663}.Debug|Any CPU.ActiveCfg = Debug|Any CPU
		{323D7B1B-B7FC-4C31-9D34-81A700909663}.Debug|Any CPU.Build.0 = Debug|Any CPU
		{323D7B1B-B7FC-4C31-9D34-81A700909663}.Release|Any CPU.ActiveCfg = Release|Any CPU
		{323D7B1B-B7FC-4C31-9D34-81A700909663}.Release|Any CPU.Build.0 = Release|Any CPU
		{55E72555-3347-4F74-97E7-A4EF0DE8CA3F}.Debug|Any CPU.ActiveCfg = Debug|Any CPU
		{55E72555-3347-4F74-97E7-A4EF0DE8CA3F}.Debug|Any CPU.Build.0 = Debug|Any CPU
		{55E72555-3347-4F74-97E7-A4EF0DE8CA3F}.Release|Any CPU.ActiveCfg = Release|Any CPU
		{55E72555-3347-4F74-97E7-A4EF0DE8CA3F}.Release|Any CPU.Build.0 = Release|Any CPU
		{50A37753-FDDC-4DCF-8444-D4EC75CD76EE}.Debug|Any CPU.ActiveCfg = Debug|Any CPU
		{50A37753-FDDC-4DCF-8444-D4EC75CD76EE}.Debug|Any CPU.Build.0 = Debug|Any CPU
		{50A37753-FDDC-4DCF-8444-D4EC75CD76EE}.Release|Any CPU.ActiveCfg = Release|Any CPU
		{50A37753-FDDC-4DCF-8444-D4EC75CD76EE}.Release|Any CPU.Build.0 = Release|Any CPU
		{92B2AF69-91AF-461A-B695-73FE3759631C}.Debug|Any CPU.ActiveCfg = Debug|Any CPU
		{92B2AF69-91AF-461A-B695-73FE3759631C}.Debug|Any CPU.Build.0 = Debug|Any CPU
		{92B2AF69-91AF-461A-B695-73FE3759631C}.Release|Any CPU.ActiveCfg = Release|Any CPU
		{92B2AF69-91AF-461A-B695-73FE3759631C}.Release|Any CPU.Build.0 = Release|Any CPU
		{80633C44-934B-46BC-A83D-568964251793}.Debug|Any CPU.ActiveCfg = Debug|Any CPU
		{80633C44-934B-46BC-A83D-568964251793}.Debug|Any CPU.Build.0 = Debug|Any CPU
		{80633C44-934B-46BC-A83D-568964251793}.Release|Any CPU.ActiveCfg = Release|Any CPU
		{80633C44-934B-46BC-A83D-568964251793}.Release|Any CPU.Build.0 = Release|Any CPU
		{AFF252CC-6D0C-4E99-952E-E7EF8473AE56}.Debug|Any CPU.ActiveCfg = Debug|Any CPU
		{AFF252CC-6D0C-4E99-952E-E7EF8473AE56}.Debug|Any CPU.Build.0 = Debug|Any CPU
		{AFF252CC-6D0C-4E99-952E-E7EF8473AE56}.Release|Any CPU.ActiveCfg = Release|Any CPU
		{AFF252CC-6D0C-4E99-952E-E7EF8473AE56}.Release|Any CPU.Build.0 = Release|Any CPU
		{3B300160-0591-4DA9-93FD-CBA35BC765B0}.Debug|Any CPU.ActiveCfg = Debug|Any CPU
		{3B300160-0591-4DA9-93FD-CBA35BC765B0}.Debug|Any CPU.Build.0 = Debug|Any CPU
		{3B300160-0591-4DA9-93FD-CBA35BC765B0}.Release|Any CPU.ActiveCfg = Release|Any CPU
		{3B300160-0591-4DA9-93FD-CBA35BC765B0}.Release|Any CPU.Build.0 = Release|Any CPU
		{999D58DF-8528-47DC-BB44-65A4CA67B6B9}.Debug|Any CPU.ActiveCfg = Debug|Any CPU
		{999D58DF-8528-47DC-BB44-65A4CA67B6B9}.Debug|Any CPU.Build.0 = Debug|Any CPU
		{999D58DF-8528-47DC-BB44-65A4CA67B6B9}.Release|Any CPU.ActiveCfg = Release|Any CPU
		{999D58DF-8528-47DC-BB44-65A4CA67B6B9}.Release|Any CPU.Build.0 = Release|Any CPU
		{A1A42930-7602-48BD-B52E-A8EDC64FCE11}.Debug|Any CPU.ActiveCfg = Debug|Any CPU
		{A1A42930-7602-48BD-B52E-A8EDC64FCE11}.Debug|Any CPU.Build.0 = Debug|Any CPU
		{A1A42930-7602-48BD-B52E-A8EDC64FCE11}.Release|Any CPU.ActiveCfg = Release|Any CPU
		{A1A42930-7602-48BD-B52E-A8EDC64FCE11}.Release|Any CPU.Build.0 = Release|Any CPU
		{3BB2DF94-9155-4D3A-9F53-B8D4BACFEE65}.Debug|Any CPU.ActiveCfg = Debug|Any CPU
		{3BB2DF94-9155-4D3A-9F53-B8D4BACFEE65}.Debug|Any CPU.Build.0 = Debug|Any CPU
		{3BB2DF94-9155-4D3A-9F53-B8D4BACFEE65}.Release|Any CPU.ActiveCfg = Release|Any CPU
		{3BB2DF94-9155-4D3A-9F53-B8D4BACFEE65}.Release|Any CPU.Build.0 = Release|Any CPU
		{F4B53672-D3BC-4330-9413-D66542EF17A5}.Debug|Any CPU.ActiveCfg = Debug|Any CPU
		{F4B53672-D3BC-4330-9413-D66542EF17A5}.Debug|Any CPU.Build.0 = Debug|Any CPU
		{F4B53672-D3BC-4330-9413-D66542EF17A5}.Release|Any CPU.ActiveCfg = Release|Any CPU
		{F4B53672-D3BC-4330-9413-D66542EF17A5}.Release|Any CPU.Build.0 = Release|Any CPU
		{48AB378B-F481-4D35-9253-DAED04B7F8F6}.Debug|Any CPU.ActiveCfg = Debug|Any CPU
		{48AB378B-F481-4D35-9253-DAED04B7F8F6}.Debug|Any CPU.Build.0 = Debug|Any CPU
		{48AB378B-F481-4D35-9253-DAED04B7F8F6}.Release|Any CPU.ActiveCfg = Release|Any CPU
		{48AB378B-F481-4D35-9253-DAED04B7F8F6}.Release|Any CPU.Build.0 = Release|Any CPU
		{684E0017-BB88-4483-ADF9-9896665CC4A2}.Debug|Any CPU.ActiveCfg = Debug|Any CPU
		{684E0017-BB88-4483-ADF9-9896665CC4A2}.Debug|Any CPU.Build.0 = Debug|Any CPU
		{684E0017-BB88-4483-ADF9-9896665CC4A2}.Release|Any CPU.ActiveCfg = Release|Any CPU
		{684E0017-BB88-4483-ADF9-9896665CC4A2}.Release|Any CPU.Build.0 = Release|Any CPU
		{E4F24CA3-4F9A-4D38-919C-6415F00245CA}.Debug|Any CPU.ActiveCfg = Debug|Any CPU
		{E4F24CA3-4F9A-4D38-919C-6415F00245CA}.Debug|Any CPU.Build.0 = Debug|Any CPU
		{E4F24CA3-4F9A-4D38-919C-6415F00245CA}.Release|Any CPU.ActiveCfg = Release|Any CPU
		{E4F24CA3-4F9A-4D38-919C-6415F00245CA}.Release|Any CPU.Build.0 = Release|Any CPU
		{D853E28A-6754-4E89-BBF8-D1CD6DBABF1D}.Debug|Any CPU.ActiveCfg = Debug|Any CPU
		{D853E28A-6754-4E89-BBF8-D1CD6DBABF1D}.Debug|Any CPU.Build.0 = Debug|Any CPU
		{D853E28A-6754-4E89-BBF8-D1CD6DBABF1D}.Release|Any CPU.ActiveCfg = Release|Any CPU
		{D853E28A-6754-4E89-BBF8-D1CD6DBABF1D}.Release|Any CPU.Build.0 = Release|Any CPU
		{0B934D0E-D905-439B-9688-22AB820652F9}.Debug|Any CPU.ActiveCfg = Debug|Any CPU
		{0B934D0E-D905-439B-9688-22AB820652F9}.Debug|Any CPU.Build.0 = Debug|Any CPU
		{0B934D0E-D905-439B-9688-22AB820652F9}.Release|Any CPU.ActiveCfg = Release|Any CPU
		{0B934D0E-D905-439B-9688-22AB820652F9}.Release|Any CPU.Build.0 = Release|Any CPU
	EndGlobalSection
	GlobalSection(SolutionProperties) = preSolution
		HideSolutionNode = FALSE
	EndGlobalSection
	GlobalSection(ExtensibilityGlobals) = postSolution
		SolutionGuid = {481096FC-94E0-435C-B606-3D2A8C0B7909}
	EndGlobalSection
EndGlobal
